
Microsoft Visual Studio Solution File, Format Version 12.00
# Visual Studio Version 16
VisualStudioVersion = 16.0.30804.86
MinimumVisualStudioVersion = 10.0.40219.1
Project("{FAE04EC0-301F-11D3-BF4B-00C04F79EFBC}") = "FindYourPrimeAuthentication", "FindYourPrimeAuthentication\FindYourPrimeAuthentication.csproj", "{EC1F5664-03C9-4886-B070-26C98BB004CE}"
EndProject
Global
	GlobalSection(SolutionConfigurationPlatforms) = preSolution
		Debug|Any CPU = Debug|Any CPU
		Release|Any CPU = Release|Any CPU
	EndGlobalSection
	GlobalSection(ProjectConfigurationPlatforms) = postSolution
		{EC1F5664-03C9-4886-B070-26C98BB004CE}.Debug|Any CPU.ActiveCfg = Debug|Any CPU
		{EC1F5664-03C9-4886-B070-26C98BB004CE}.Debug|Any CPU.Build.0 = Debug|Any CPU
		{EC1F5664-03C9-4886-B070-26C98BB004CE}.Release|Any CPU.ActiveCfg = Release|Any CPU
		{EC1F5664-03C9-4886-B070-26C98BB004CE}.Release|Any CPU.Build.0 = Release|Any CPU
	EndGlobalSection
	GlobalSection(SolutionProperties) = preSolution
		HideSolutionNode = FALSE
	EndGlobalSection
	GlobalSection(ExtensibilityGlobals) = postSolution
		SolutionGuid = {2F2B14CB-B6B6-4B98-8675-402629BE207E}
	EndGlobalSection
EndGlobal
